
Microsoft Visual Studio Solution File, Format Version 12.00
# Visual Studio Version 17
VisualStudioVersion = 17.6.33723.286
MinimumVisualStudioVersion = 10.0.40219.1
Project("{9A19103F-16F7-4668-BE54-9A1E7A4F7556}") = "Etqaan.WebAPI", "Etqaan.WebAPI\Etqaan.WebAPI.csproj", "{DDC887F8-177F-4202-9A1C-746E0CB6DC8E}"
	ProjectSection(ProjectDependencies) = postProject
		{35A523F2-C899-4C06-ACDC-2B79B4C9B45C} = {35A523F2-C899-4C06-ACDC-2B79B4C9B45C}
		{A5712596-5410-47D4-97F1-32C55132899D} = {A5712596-5410-47D4-97F1-32C55132899D}
		{B28878CE-76F3-4A3C-9D7D-D9FC905AF7A9} = {B28878CE-76F3-4A3C-9D7D-D9FC905AF7A9}
	EndProjectSection
EndProject
Project("{9A19103F-16F7-4668-BE54-9A1E7A4F7556}") = "Etqaan.Application", "Etqaan.Application\Etqaan.Application.csproj", "{B28878CE-76F3-4A3C-9D7D-D9FC905AF7A9}"
	ProjectSection(ProjectDependencies) = postProject
		{35A523F2-C899-4C06-ACDC-2B79B4C9B45C} = {35A523F2-C899-4C06-ACDC-2B79B4C9B45C}
		{FCE23BE6-1644-4AC8-A5CB-8A3B8C3C62BA} = {FCE23BE6-1644-4AC8-A5CB-8A3B8C3C62BA}
	EndProjectSection
EndProject
Project("{9A19103F-16F7-4668-BE54-9A1E7A4F7556}") = "Etqaan.Domain", "Etqaan.Domain\Etqaan.Domain.csproj", "{FCE23BE6-1644-4AC8-A5CB-8A3B8C3C62BA}"
EndProject
Project("{9A19103F-16F7-4668-BE54-9A1E7A4F7556}") = "Etqaan.Common", "Etqaan.Common\Etqaan.Common.csproj", "{35A523F2-C899-4C06-ACDC-2B79B4C9B45C}"
EndProject
Project("{9A19103F-16F7-4668-BE54-9A1E7A4F7556}") = "Etqaan.Infrastructure", "Etqaan.Infrastructure\Etqaan.Infrastructure.csproj", "{A5712596-5410-47D4-97F1-32C55132899D}"
EndProject
Project("{9A19103F-16F7-4668-BE54-9A1E7A4F7556}") = "Etqaan.Tests", "Etqaan.Tests\Etqaan.Tests.csproj", "{3CBBE43F-D9FD-41C0-9907-C619C3DADD7E}"
EndProject
Global
	GlobalSection(SolutionConfigurationPlatforms) = preSolution
		Debug|Any CPU = Debug|Any CPU
		Release|Any CPU = Release|Any CPU
	EndGlobalSection
	GlobalSection(ProjectConfigurationPlatforms) = postSolution
		{DDC887F8-177F-4202-9A1C-746E0CB6DC8E}.Debug|Any CPU.ActiveCfg = Debug|Any CPU
		{DDC887F8-177F-4202-9A1C-746E0CB6DC8E}.Debug|Any CPU.Build.0 = Debug|Any CPU
		{DDC887F8-177F-4202-9A1C-746E0CB6DC8E}.Release|Any CPU.ActiveCfg = Release|Any CPU
		{DDC887F8-177F-4202-9A1C-746E0CB6DC8E}.Release|Any CPU.Build.0 = Release|Any CPU
		{B28878CE-76F3-4A3C-9D7D-D9FC905AF7A9}.Debug|Any CPU.ActiveCfg = Debug|Any CPU
		{B28878CE-76F3-4A3C-9D7D-D9FC905AF7A9}.Debug|Any CPU.Build.0 = Debug|Any CPU
		{B28878CE-76F3-4A3C-9D7D-D9FC905AF7A9}.Release|Any CPU.ActiveCfg = Release|Any CPU
		{B28878CE-76F3-4A3C-9D7D-D9FC905AF7A9}.Release|Any CPU.Build.0 = Release|Any CPU
		{FCE23BE6-1644-4AC8-A5CB-8A3B8C3C62BA}.Debug|Any CPU.ActiveCfg = Debug|Any CPU
		{FCE23BE6-1644-4AC8-A5CB-8A3B8C3C62BA}.Debug|Any CPU.Build.0 = Debug|Any CPU
		{FCE23BE6-1644-4AC8-A5CB-8A3B8C3C62BA}.Release|Any CPU.ActiveCfg = Release|Any CPU
		{FCE23BE6-1644-4AC8-A5CB-8A3B8C3C62BA}.Release|Any CPU.Build.0 = Release|Any CPU
		{35A523F2-C899-4C06-ACDC-2B79B4C9B45C}.Debug|Any CPU.ActiveCfg = Debug|Any CPU
		{35A523F2-C899-4C06-ACDC-2B79B4C9B45C}.Debug|Any CPU.Build.0 = Debug|Any CPU
		{35A523F2-C899-4C06-ACDC-2B79B4C9B45C}.Release|Any CPU.ActiveCfg = Release|Any CPU
		{35A523F2-C899-4C06-ACDC-2B79B4C9B45C}.Release|Any CPU.Build.0 = Release|Any CPU
		{A5712596-5410-47D4-97F1-32C55132899D}.Debug|Any CPU.ActiveCfg = Debug|Any CPU
		{A5712596-5410-47D4-97F1-32C55132899D}.Debug|Any CPU.Build.0 = Debug|Any CPU
		{A5712596-5410-47D4-97F1-32C55132899D}.Release|Any CPU.ActiveCfg = Release|Any CPU
		{A5712596-5410-47D4-97F1-32C55132899D}.Release|Any CPU.Build.0 = Release|Any CPU
		{3CBBE43F-D9FD-41C0-9907-C619C3DADD7E}.Debug|Any CPU.ActiveCfg = Debug|Any CPU
		{3CBBE43F-D9FD-41C0-9907-C619C3DADD7E}.Debug|Any CPU.Build.0 = Debug|Any CPU
		{3CBBE43F-D9FD-41C0-9907-C619C3DADD7E}.Release|Any CPU.ActiveCfg = Release|Any CPU
		{3CBBE43F-D9FD-41C0-9907-C619C3DADD7E}.Release|Any CPU.Build.0 = Release|Any CPU
	EndGlobalSection
	GlobalSection(SolutionProperties) = preSolution
		HideSolutionNode = FALSE
	EndGlobalSection
	GlobalSection(ExtensibilityGlobals) = postSolution
		SolutionGuid = {4C599073-0F1C-4F79-8A2D-13AAD42D29EA}
	EndGlobalSection
EndGlobal
